Microsoft Visual Studio Solution File, Format Version 12.00
# Visual Studio 2012
Project("{FAE04EC0-301F-11D3-BF4B-00C04F79EFBC}") = "LostInSpace", "LostInSpace.csproj", "{63A4E5C3-BFFC-47DF-95FC-0A39DC53A86E}"
EndProject
Global
	GlobalSection(SolutionConfigurationPlatforms) = preSolution
	Debug|Any CPU = Debug|Any CPU
	ExportDebug|Any CPU = ExportDebug|Any CPU
	ExportRelease|Any CPU = ExportRelease|Any CPU
	EndGlobalSection
	GlobalSection(ProjectConfigurationPlatforms) = postSolution
		{63A4E5C3-BFFC-47DF-95FC-0A39DC53A86E}.Debug|Any CPU.ActiveCfg = Debug|Any CPU
		{63A4E5C3-BFFC-47DF-95FC-0A39DC53A86E}.Debug|Any CPU.Build.0 = Debug|Any CPU
		{63A4E5C3-BFFC-47DF-95FC-0A39DC53A86E}.ExportDebug|Any CPU.ActiveCfg = ExportDebug|Any CPU
		{63A4E5C3-BFFC-47DF-95FC-0A39DC53A86E}.ExportDebug|Any CPU.Build.0 = ExportDebug|Any CPU
		{63A4E5C3-BFFC-47DF-95FC-0A39DC53A86E}.ExportRelease|Any CPU.ActiveCfg = ExportRelease|Any CPU
		{63A4E5C3-BFFC-47DF-95FC-0A39DC53A86E}.ExportRelease|Any CPU.Build.0 = ExportRelease|Any CPU
	EndGlobalSection
EndGlobal
